{
    "_readme": [
        "This file locks the dependencies of your project to a known state",
        "Read more about it at https://getcomposer.org/doc/01-basic-usage.md#installing-dependencies",
        "This file is @generated automatically"
    ],
    "content-hash": "4513fac0c233b31ff8bd8fb2dfc87c91",
    "packages": [
        {
            "name": "container-interop/container-interop",
            "version": "1.2.0",
            "source": {
                "type": "git",
                "url": "https://github.com/container-interop/container-interop.git",
                "reference": "79cbf1341c22ec75643d841642dd5d6acd83bdb8"
            },
            "dist": {
                "type": "zip",
                "url": "https://api.github.com/repos/container-interop/container-interop/zipball/79cbf1341c22ec75643d841642dd5d6acd83bdb8",
                "reference": "79cbf1341c22ec75643d841642dd5d6acd83bdb8",
                "shasum": ""
            },
            "require": {
                "psr/container": "^1.0"
            },
            "type": "library",
            "autoload": {
                "psr-4": {
                    "Interop\\Container\\": "src/Interop/Container/"
                }
            },
            "notification-url": "https://packagist.org/downloads/",
            "license": [
                "MIT"
            ],
            "description": "Promoting the interoperability of container objects (DIC, SL, etc.)",
            "homepage": "https://github.com/container-interop/container-interop",
            "time": "2017-02-14T19:40:03+00:00"
        },
        {
            "name": "psr/container",
            "version": "1.0.0",
            "source": {
                "type": "git",
                "url": "https://github.com/php-fig/container.git",
                "reference": "b7ce3b176482dbbc1245ebf52b181af44c2cf55f"
            },
            "dist": {
                "type": "zip",
                "url": "https://api.github.com/repos/php-fig/container/zipball/b7ce3b176482dbbc1245ebf52b181af44c2cf55f",
                "reference": "b7ce3b176482dbbc1245ebf52b181af44c2cf55f",
                "shasum": ""
            },
            "require": {
                "php": ">=5.3.0"
            },
            "type": "library",
            "extra": {
                "branch-alias": {
                    "dev-master": "1.0.x-dev"
                }
            },
            "autoload": {
                "psr-4": {
                    "Psr\\Container\\": "src/"
                }
            },
            "notification-url": "https://packagist.org/downloads/",
            "license": [
                "MIT"
            ],
            "authors": [
                {
                    "name": "PHP-FIG",
                    "homepage": "http://www.php-fig.org/"
                }
            ],
            "description": "Common Container Interface (PHP FIG PSR-11)",
            "homepage": "https://github.com/php-fig/container",
            "keywords": [
                "PSR-11",
                "container",
                "container-interface",
                "container-interop",
                "psr"
            ],
            "time": "2017-02-14T16:28:37+00:00"
        },
        {
            "name": "zendframework/zend-filter",
            "version": "2.9.1",
            "source": {
                "type": "git",
                "url": "https://github.com/zendframework/zend-filter.git",
                "reference": "1c3e6d02f9cd5f6c929c9859498f5efbe216e86f"
            },
            "dist": {
                "type": "zip",
                "url": "https://api.github.com/repos/zendframework/zend-filter/zipball/1c3e6d02f9cd5f6c929c9859498f5efbe216e86f",
                "reference": "1c3e6d02f9cd5f6c929c9859498f5efbe216e86f",
                "shasum": ""
            },
            "require": {
                "php": "^5.6 || ^7.0",
                "zendframework/zend-stdlib": "^2.7.7 || ^3.1"
            },
            "conflict": {
                "zendframework/zend-validator": "<2.10.1"
            },
            "require-dev": {
                "pear/archive_tar": "^1.4.3",
                "phpunit/phpunit": "^5.7.23 || ^6.4.3",
                "psr/http-factory": "^1.0",
                "zendframework/zend-coding-standard": "~1.0.0",
                "zendframework/zend-crypt": "^3.2.1",
                "zendframework/zend-servicemanager": "^2.7.8 || ^3.3",
                "zendframework/zend-uri": "^2.6"
            },
            "suggest": {
                "psr/http-factory-implementation": "psr/http-factory-implementation, for creating file upload instances when consuming PSR-7 in file upload filters",
                "zendframework/zend-crypt": "Zend\\Crypt component, for encryption filters",
                "zendframework/zend-i18n": "Zend\\I18n component for filters depending on i18n functionality",
                "zendframework/zend-servicemanager": "Zend\\ServiceManager component, for using the filter chain functionality",
                "zendframework/zend-uri": "Zend\\Uri component, for the UriNormalize filter"
            },
            "type": "library",
            "extra": {
                "branch-alias": {
                    "dev-master": "2.9.x-dev",
                    "dev-develop": "2.10.x-dev"
                },
                "zf": {
                    "component": "Zend\\Filter",
                    "config-provider": "Zend\\Filter\\ConfigProvider"
                }
            },
            "autoload": {
                "psr-4": {
                    "Zend\\Filter\\": "src/"
                }
            },
            "notification-url": "https://packagist.org/downloads/",
            "license": [
                "BSD-3-Clause"
            ],
            "description": "provides a set of commonly needed data filters",
            "keywords": [
                "ZendFramework",
                "filter",
                "zf"
            ],
            "time": "2018-12-17T16:00:04+00:00"
        },
        {
            "name": "zendframework/zend-inputfilter",
            "version": "2.10.0",
            "source": {
                "type": "git",
                "url": "https://github.com/zendframework/zend-inputfilter.git",
                "reference": "4f52b71ec9cef3a06e3bba8f5c2124e94055ec0c"
            },
            "dist": {
                "type": "zip",
                "url": "https://api.github.com/repos/zendframework/zend-inputfilter/zipball/4f52b71ec9cef3a06e3bba8f5c2124e94055ec0c",
                "reference": "4f52b71ec9cef3a06e3bba8f5c2124e94055ec0c",
                "shasum": ""
            },
            "require": {
                "php": "^5.6 || ^7.0",
                "zendframework/zend-filter": "^2.9.1",
                "zendframework/zend-servicemanager": "^2.7.10 || ^3.3.1",
                "zendframework/zend-stdlib": "^2.7 || ^3.0",
                "zendframework/zend-validator": "^2.11"
            },
            "require-dev": {
                "phpunit/phpunit": "^5.7.23 || ^6.4.3",
                "psr/http-message": "^1.0",
                "zendframework/zend-coding-standard": "~1.0.0"
            },
            "suggest": {
                "psr/http-message-implementation": "PSR-7 is required if you wish to validate PSR-7 UploadedFileInterface payloads"
            },
            "type": "library",
            "extra": {
                "branch-alias": {
                    "dev-master": "2.10.x-dev",
                    "dev-develop": "2.11.x-dev"
                },
                "zf": {
                    "component": "Zend\\InputFilter",
                    "config-provider": "Zend\\InputFilter\\ConfigProvider"
                }
            },
            "autoload": {
                "psr-4": {
                    "Zend\\InputFilter\\": "src/"
                }
            },
            "notification-url": "https://packagist.org/downloads/",
            "license": [
                "BSD-3-Clause"
            ],
            "description": "Normalize and validate input sets from the web, APIs, the CLI, and more, including files",
            "keywords": [
                "ZendFramework",
                "inputfilter",
                "zf"
            ],
            "time": "2019-01-30T16:58:51+00:00"
        },
        {
            "name": "zendframework/zend-servicemanager",
            "version": "3.4.0",
            "source": {
                "type": "git",
                "url": "https://github.com/zendframework/zend-servicemanager.git",
                "reference": "a1ed6140d0d3ee803fec96582593ed024950067b"
            },
            "dist": {
                "type": "zip",
                "url": "https://api.github.com/repos/zendframework/zend-servicemanager/zipball/a1ed6140d0d3ee803fec96582593ed024950067b",
                "reference": "a1ed6140d0d3ee803fec96582593ed024950067b",
                "shasum": ""
            },
            "require": {
                "container-interop/container-interop": "^1.2",
                "php": "^5.6 || ^7.0",
                "psr/container": "^1.0",
                "zendframework/zend-stdlib": "^3.2.1"
            },
            "provide": {
                "container-interop/container-interop-implementation": "^1.2",
                "psr/container-implementation": "^1.0"
            },
            "require-dev": {
                "mikey179/vfsstream": "^1.6.5",
                "ocramius/proxy-manager": "^1.0 || ^2.0",
                "phpbench/phpbench": "^0.13.0",
                "phpunit/phpunit": "^5.7.25 || ^6.4.4",
                "zendframework/zend-coding-standard": "~1.0.0"
            },
            "suggest": {
                "ocramius/proxy-manager": "ProxyManager 1.* to handle lazy initialization of services",
                "zendframework/zend-stdlib": "zend-stdlib ^2.5 if you wish to use the MergeReplaceKey or MergeRemoveKey features in Config instances"
            },
            "bin": [
                "bin/generate-deps-for-config-factory",
                "bin/generate-factory-for-class"
            ],
            "type": "library",
            "extra": {
                "branch-alias": {
                    "dev-master": "3.3-dev",
                    "dev-develop": "4.0-dev"
                }
            },
            "autoload": {
                "psr-4": {
                    "Zend\\ServiceManager\\": "src/"
                }
            },
            "notification-url": "https://packagist.org/downloads/",
            "license": [
                "BSD-3-Clause"
            ],
            "description": "Factory-Driven Dependency Injection Container",
            "keywords": [
                "PSR-11",
                "ZendFramework",
                "dependency-injection",
                "di",
                "dic",
                "service-manager",
                "servicemanager",
                "zf"
            ],
            "time": "2018-12-22T06:05:09+00:00"
        },
        {
            "name": "zendframework/zend-stdlib",
            "version": "3.2.1",
            "source": {
                "type": "git",
                "url": "https://github.com/zendframework/zend-stdlib.git",
                "reference": "66536006722aff9e62d1b331025089b7ec71c065"
            },
            "dist": {
                "type": "zip",
                "url": "https://api.github.com/repos/zendframework/zend-stdlib/zipball/66536006722aff9e62d1b331025089b7ec71c065",
                "reference": "66536006722aff9e62d1b331025089b7ec71c065",
                "shasum": ""
            },
            "require": {
                "php": "^5.6 || ^7.0"
            },
            "require-dev": {
                "phpbench/phpbench": "^0.13",
                "phpunit/phpunit": "^5.7.27 || ^6.5.8 || ^7.1.2",
                "zendframework/zend-coding-standard": "~1.0.0"
            },
            "type": "library",
            "extra": {
                "branch-alias": {
                    "dev-master": "3.2.x-dev",
                    "dev-develop": "3.3.x-dev"
                }
            },
            "autoload": {
                "psr-4": {
                    "Zend\\Stdlib\\": "src/"
                }
            },
            "notification-url": "https://packagist.org/downloads/",
            "license": [
                "BSD-3-Clause"
            ],
            "description": "SPL extensions, array utilities, error handlers, and more",
            "keywords": [
                "ZendFramework",
                "stdlib",
                "zf"
            ],
            "time": "2018-08-28T21:34:05+00:00"
        },
        {
            "name": "zendframework/zend-validator",
            "version": "2.12.0",
            "source": {
                "type": "git",
                "url": "https://github.com/zendframework/zend-validator.git",
                "reference": "64c33668e5fa2d39c6289a878f927ea2b0850c30"
            },
            "dist": {
                "type": "zip",
                "url": "https://api.github.com/repos/zendframework/zend-validator/zipball/64c33668e5fa2d39c6289a878f927ea2b0850c30",
                "reference": "64c33668e5fa2d39c6289a878f927ea2b0850c30",
                "shasum": ""
            },
            "require": {
                "container-interop/container-interop": "^1.1",
                "php": "^5.6 || ^7.0",
                "zendframework/zend-stdlib": "^3.2.1"
            },
            "require-dev": {
                "phpunit/phpunit": "^6.0.8 || ^5.7.15",
                "psr/http-message": "^1.0",
                "zendframework/zend-cache": "^2.6.1",
                "zendframework/zend-coding-standard": "~1.0.0",
                "zendframework/zend-config": "^2.6",
                "zendframework/zend-db": "^2.7",
                "zendframework/zend-filter": "^2.6",
                "zendframework/zend-http": "^2.5.4",
                "zendframework/zend-i18n": "^2.6",
                "zendframework/zend-math": "^2.6",
                "zendframework/zend-servicemanager": "^2.7.5 || ^3.0.3",
                "zendframework/zend-session": "^2.8",
                "zendframework/zend-uri": "^2.5"
            },
            "suggest": {
                "psr/http-message": "psr/http-message, required when validating PSR-7 UploadedFileInterface instances via the Upload and UploadFile validators",
                "zendframework/zend-db": "Zend\\Db component, required by the (No)RecordExists validator",
                "zendframework/zend-filter": "Zend\\Filter component, required by the Digits validator",
                "zendframework/zend-i18n": "Zend\\I18n component to allow translation of validation error messages",
                "zendframework/zend-i18n-resources": "Translations of validator messages",
                "zendframework/zend-math": "Zend\\Math component, required by the Csrf validator",
                "zendframework/zend-servicemanager": "Zend\\ServiceManager component to allow using the ValidatorPluginManager and validator chains",
                "zendframework/zend-session": "Zend\\Session component, ^2.8; required by the Csrf validator",
                "zendframework/zend-uri": "Zend\\Uri component, required by the Uri and Sitemap\\Loc validators"
            },
            "type": "library",
            "extra": {
                "branch-alias": {
                    "dev-master": "2.12.x-dev",
                    "dev-develop": "2.13.x-dev"
                },
                "zf": {
                    "component": "Zend\\Validator",
                    "config-provider": "Zend\\Validator\\ConfigProvider"
                }
            },
            "autoload": {
                "psr-4": {
                    "Zend\\Validator\\": "src/"
                }
            },
            "notification-url": "https://packagist.org/downloads/",
            "license": [
                "BSD-3-Clause"
            ],
            "description": "provides a set of commonly needed validators",
            "homepage": "https://github.com/zendframework/zend-validator",
            "keywords": [
                "validator",
                "zf2"
            ],
            "time": "2019-01-30T14:26:10+00:00"
        }
    ],
    "packages-dev": [],
    "aliases": [],
    "minimum-stability": "stable",
    "stability-flags": [],
    "prefer-stable": false,
    "prefer-lowest": false,
    "platform": {
        "php": "^7.0"
    },
    "platform-dev": []
}
